schema: '2.0'
stages:
  data_ingestion:
    cmd: python src/cnnClassifier/pipeline/stage_01_data_ingestion.py
    deps:
    - path: config/config.yaml
      hash: md5
      md5: 7091a029d6a716bc3cdb0c53b50a998a
      size: 600
    - path: src/cnnClassifier/pipeline/stage_01_data_ingestion.py
      hash: md5
      md5: 2ecc486ef9082b67e50f848716311397
      size: 889
    outs:
    - path: artifacts/data_ingestion/kidney_tumor_data
      hash: md5
      md5: 54fc13a1c99b83704928377758753f61.dir
      size: 55717032
      nfiles: 459
  prepare_base_model:
    cmd: python src/cnnClassifier/pipeline/stage_02_prepare_base_model.py
    deps:
    - path: config/config.yaml
      hash: md5
      md5: 7091a029d6a716bc3cdb0c53b50a998a
      size: 600
    - path: src/cnnClassifier/pipeline/stage_02_prepare_base_model.py
      hash: md5
      md5: e8e39a301f4b90d1b4f2c86acc66ef32
      size: 999
    params:
      params.yaml:
        CLASSES: 2
        IMAGE_SIZE:
        - 224
        - 224
        - 3
        INCLUDE_TOP: false
        LEARNING_RATE: 0.01
        WEIGHTS: imagenet
    outs:
    - path: artifacts/prepare_base_model
      hash: md5
      md5: 530cb4cc4c5b80899a48cd0d6d774b51.dir
      size: 118053368
      nfiles: 2
  training:
    cmd: python src/cnnClassifier/pipeline/stage_03_model_training.py
    deps:
    - path: artifacts/data_ingestion/kidney_tumor_data
      hash: md5
      md5: 54fc13a1c99b83704928377758753f61.dir
      size: 55717032
      nfiles: 459
    - path: artifacts/prepare_base_model
      hash: md5
      md5: 530cb4cc4c5b80899a48cd0d6d774b51.dir
      size: 118053368
      nfiles: 2
    - path: config/config.yaml
      hash: md5
      md5: 7091a029d6a716bc3cdb0c53b50a998a
      size: 600
    - path: src/cnnClassifier/pipeline/stage_03_model_training.py
      hash: md5
      md5: 0b5d68d520496bb7c1c8f5b3d7888dde
      size: 927
    params:
      params.yaml:
        AUGMENTATION: true
        BATCH_SIZE: 16
        EPOCHS: 4
        IMAGE_SIZE:
        - 224
        - 224
        - 3
    outs:
    - path: artifacts/training/model.h5
      hash: md5
      md5: f2952dcfd7e349b1142609887f8a4b14
      size: 59135136
  evaluation:
    cmd: python src/cnnClassifier/pipeline/stage_04_model_evaluation.py
    deps:
    - path: artifacts/data_ingestion/kidney_tumor_data
      hash: md5
      md5: 54fc13a1c99b83704928377758753f61.dir
      size: 55717032
      nfiles: 459
    - path: artifacts/training/model.h5
      hash: md5
      md5: f2952dcfd7e349b1142609887f8a4b14
      size: 59135136
    - path: config/config.yaml
      hash: md5
      md5: 7091a029d6a716bc3cdb0c53b50a998a
      size: 600
    - path: src/cnnClassifier/pipeline/stage_04_model_evaluation.py
      hash: md5
      md5: 3fceb4ac4bd09ba9900e1833534af160
      size: 936
    params:
      params.yaml:
        BATCH_SIZE: 16
        IMAGE_SIZE:
        - 224
        - 224
        - 3
    outs:
    - path: scores.json
      hash: md5
      md5: 7238ed4ea21c2877e5422cd13a952774
      size: 73
